
Microsoft Visual Studio Solution File, Format Version 12.00
# Visual Studio 15
VisualStudioVersion = 15.0.27428.2015
MinimumVisualStudioVersion = 10.0.40219.1
Project("{FAE04EC0-301F-11D3-BF4B-00C04F79EFBC}") = "Hello", "Hello\Hello.csproj", "{21705A3B-0609-403B-BCD4-72E381F101BD}"
EndProject
Global
	GlobalSection(SolutionConfigurationPlatforms) = preSolution
		Debug|Any CPU = Debug|Any CPU
		Release|Any CPU = Release|Any CPU
	EndGlobalSection
	GlobalSection(ProjectConfigurationPlatforms) = postSolution
		{21705A3B-0609-403B-BCD4-72E381F101BD}.Debug|Any CPU.ActiveCfg = Debug|Any CPU
		{21705A3B-0609-403B-BCD4-72E381F101BD}.Debug|Any CPU.Build.0 = Debug|Any CPU
		{21705A3B-0609-403B-BCD4-72E381F101BD}.Release|Any CPU.ActiveCfg = Release|Any CPU
		{21705A3B-0609-403B-BCD4-72E381F101BD}.Release|Any CPU.Build.0 = Release|Any CPU
	EndGlobalSection
	GlobalSection(SolutionProperties) = preSolution
		HideSolutionNode = FALSE
	EndGlobalSection
	GlobalSection(ExtensibilityGlobals) = postSolution
		SolutionGuid = {5E1C636B-03B3-4691-BF67-0EE61FAAAE13}
	EndGlobalSection
EndGlobal
